{
  "name": "nc_c14-40-m-php-vue",
  "lockfileVersion": 3,
  "requires": true,
  "packages": {
    "": {
      "dependencies": {
        "@mdi/font": "^7.3.67"
      },
      "devDependencies": {
        "@mdi/js": "^7.3.67"
      }
    },
    "node_modules/@mdi/font": {
      "version": "7.3.67",
      "resolved": "https://registry.npmjs.org/@mdi/font/-/font-7.3.67.tgz",
      "integrity": "sha512-SWxvzRbUQRfewlIV+OF4/YF4DkeTjMWoT8Hh9yeU/5UBVdJZj9Uf4a9+cXjknSIhIaMxZ/4N1O/s7ojApOOGjg=="
    },
    "node_modules/@mdi/js": {
      "version": "7.3.67",
      "resolved": "https://registry.npmjs.org/@mdi/js/-/js-7.3.67.tgz",
      "integrity": "sha512-MnRjknFqpTC6FifhGHjZ0+QYq2bAkZFQqIj8JA2AdPZbBxUvr8QSgB2yPAJ8/ob/XkR41xlg5majDR3c1JP1hw==",
      "dev": true
    }
  }
}
